# THIS IS AN AUTOGENERATED FILE. DO NOT EDIT THIS FILE DIRECTLY.
# yarn lockfile v1


"@uirouter/angularjs@1.0.15":
  version "1.0.15"
  resolved "https://registry.yarnpkg.com/@uirouter/angularjs/-/angularjs-1.0.15.tgz#06d7a350576301f8897f5132b37e69756872139e"
  dependencies:
    "@uirouter/core" "5.0.17"

"@uirouter/core@5.0.17":
  version "5.0.17"
  resolved "https://registry.yarnpkg.com/@uirouter/core/-/core-5.0.17.tgz#c85d422b1e9a45df885be8b84f9b7f53233a7973"

angular-animate@^1.6.9:
  version "1.6.9"
  resolved "https://registry.yarnpkg.com/angular-animate/-/angular-animate-1.6.9.tgz#a0f926c1ba3190bd8929ef966a7fa79760682622"

angular-bootstrap@^0.12.2:
  version "0.12.2"
  resolved "https://registry.yarnpkg.com/angular-bootstrap/-/angular-bootstrap-0.12.2.tgz#de9900a7db087a7e9da47304a9c2f77f9c069827"

angular-filter@^0.5.17:
  version "0.5.17"
  resolved "https://registry.yarnpkg.com/angular-filter/-/angular-filter-0.5.17.tgz#60c0c7380fd45872cb8f10801cfe07e154062935"
  dependencies:
    angular "*"

angular-growl-v2@~0.7.5:
  version "0.7.5"
  resolved "https://registry.yarnpkg.com/angular-growl-v2/-/angular-growl-v2-0.7.5.tgz#57876d511622801948c02e3a95dd96337af6470d"

angular-jwt@^0.1.6:
  version "0.1.9"
  resolved "https://registry.yarnpkg.com/angular-jwt/-/angular-jwt-0.1.9.tgz#db8bcf18f05aa57320ac2fda161d7e9622c099c3"

angular-loading-bar@~0.8.0:
  version "0.8.0"
  resolved "https://registry.yarnpkg.com/angular-loading-bar/-/angular-loading-bar-0.8.0.tgz#908cca4e224050b1301b11de4c3e082eb88bbf91"

angular-messages@^1.6.9:
  version "1.6.9"
  resolved "https://registry.yarnpkg.com/angular-messages/-/angular-messages-1.6.9.tgz#c6958a32ab49316af36e3e5ac6f94c361571fa72"

angular-moment@^0.10.3:
  version "0.10.3"
  resolved "https://registry.yarnpkg.com/angular-moment/-/angular-moment-0.10.3.tgz#63775c8e12f68fb353b8c80bc79db45689f8bf9d"
  dependencies:
    moment ">=2.8.0 <2.11.0"

angular-resource@1.5.8:
  version "1.5.8"
  resolved "https://registry.yarnpkg.com/angular-resource/-/angular-resource-1.5.8.tgz#abf64dea471aec4296aff0a455ce3c60cd79bd9f"

angular-sanitize@~1.4.8:
  version "1.4.14"
  resolved "https://registry.yarnpkg.com/angular-sanitize/-/angular-sanitize-1.4.14.tgz#778c4e24941fa982d86cf7ebac3e613fa5d414fc"

angular-strap@~2.3.8:
  version "2.3.12"
  resolved "https://registry.yarnpkg.com/angular-strap/-/angular-strap-2.3.12.tgz#fae21655cd77079671bf918ab7ed6227783062fa"

angular-sweetalert@~1.1.0:
  version "1.1.2"
  resolved "https://registry.yarnpkg.com/angular-sweetalert/-/angular-sweetalert-1.1.2.tgz#b5090c4e1fa486d9b61b9ea799d5b707bb04422f"
  dependencies:
    angular "^1.3.14"
    sweetalert "^0.4.2"

angular-ui-bootstrap@^2.5.6:
  version "2.5.6"
  resolved "https://registry.yarnpkg.com/angular-ui-bootstrap/-/angular-ui-bootstrap-2.5.6.tgz#23937322ec641a6fbee16498cc32452aa199e7c5"

angular-ui-date@^1.0.1:
  version "1.1.1"
  resolved "https://registry.yarnpkg.com/angular-ui-date/-/angular-ui-date-1.1.1.tgz#31e08c467dc89c7bba99416c366640d22cc8effd"

angular-ui-router@0.3.2:
  version "0.3.2"
  resolved "https://registry.yarnpkg.com/angular-ui-router/-/angular-ui-router-0.3.2.tgz#c27e0496309c99218d5655985b164a096ab520a9"
  dependencies:
    angular "^1.0.8"

angular-ui-sortable@^0.18.0:
  version "0.18.0"
  resolved "https://registry.yarnpkg.com/angular-ui-sortable/-/angular-ui-sortable-0.18.0.tgz#a4dfdce4baf36406ff9e750c44eb8628f7e74e77"

angular@*, angular@1.6.9, angular@^1.0.8, angular@^1.3.14, angular@^1.6.9:
  version "1.6.9"
  resolved "https://registry.yarnpkg.com/angular/-/angular-1.6.9.tgz#bc812932e18909038412d594a5990f4bb66c0619"

async@^2.1.4:
  version "2.6.0"
  resolved "https://registry.yarnpkg.com/async/-/async-2.6.0.tgz#61a29abb6fcc026fea77e56d1c6ec53a795951f4"
  dependencies:
    lodash "^4.14.0"

base64-arraybuffer@^0.1.5:
  version "0.1.5"
  resolved "https://registry.yarnpkg.com/base64-arraybuffer/-/base64-arraybuffer-0.1.5.tgz#73926771923b5a19747ad666aa5cd4bf9c6e9ce8"

bootstrap@^3.3.0:
  version "3.3.7"
  resolved "https://registry.yarnpkg.com/bootstrap/-/bootstrap-3.3.7.tgz#5a389394549f23330875a3b150656574f8a9eb71"

css-line-break@1.0.1:
  version "1.0.1"
  resolved "https://registry.yarnpkg.com/css-line-break/-/css-line-break-1.0.1.tgz#19f2063a33e95fb2831b86446c0b80c188af450a"
  dependencies:
    base64-arraybuffer "^0.1.5"

dexie@1.5.1:
  version "1.5.1"
  resolved "https://registry.yarnpkg.com/dexie/-/dexie-1.5.1.tgz#ac3ad5a0ebaf7e6e42760db58710418d4a756624"

font-awesome@~4.5.0:
  version "4.5.0"
  resolved "https://registry.yarnpkg.com/font-awesome/-/font-awesome-4.5.0.tgz#1e9d7ccf7d63bdbe57000e18d5188cb2557e70f8"

html2canvas@^1.0.0-alpha.12:
  version "1.0.0-alpha.12"
  resolved "https://registry.yarnpkg.com/html2canvas/-/html2canvas-1.0.0-alpha.12.tgz#3b1992e3c9b3f56063c35fd620494f37eba88513"
  dependencies:
    css-line-break "1.0.1"

jquery@^3.1.1:
  version "3.3.1"
  resolved "https://registry.yarnpkg.com/jquery/-/jquery-3.3.1.tgz#958ce29e81c9790f31be7792df5d4d95fc57fbca"

lodash@^4.14.0, lodash@^4.17.5:
  version "4.17.5"
  resolved "https://registry.yarnpkg.com/lodash/-/lodash-4.17.5.tgz#99a92d65c0272debe8c96b6057bc8fbfa3bed511"

moment-timezone@^0.5.5:
  version "0.5.14"
  resolved "https://registry.yarnpkg.com/moment-timezone/-/moment-timezone-0.5.14.tgz#4eb38ff9538b80108ba467a458f3ed4268ccfcb1"
  dependencies:
    moment ">= 2.9.0"

"moment@>= 2.9.0":
  version "2.21.0"
  resolved "https://registry.yarnpkg.com/moment/-/moment-2.21.0.tgz#2a114b51d2a6ec9e6d83cf803f838a878d8a023a"

"moment@>=2.8.0 <2.11.0":
  version "2.10.6"
  resolved "https://registry.yarnpkg.com/moment/-/moment-2.10.6.tgz#6cb21967c79cba7b0ca5e66644f173662b3efa77"

ng-dexie@^0.0.18:
  version "0.0.18"
  resolved "https://registry.yarnpkg.com/ng-dexie/-/ng-dexie-0.0.18.tgz#83cf3ed541a4d4634c6a325b8fb8b23e881b56cd"

ng-file-upload@^12.2.13:
  version "12.2.13"
  resolved "https://registry.yarnpkg.com/ng-file-upload/-/ng-file-upload-12.2.13.tgz#01800f3872e526f95310f8477e99e4f12d0d8d14"

ng-tags-input@^3.2.0:
  version "3.2.0"
  resolved "https://registry.yarnpkg.com/ng-tags-input/-/ng-tags-input-3.2.0.tgz#91282de575130c8ab794797febf0972b0f3bba3e"

ngstorage@~0.3.10:
  version "0.3.11"
  resolved "https://registry.yarnpkg.com/ngstorage/-/ngstorage-0.3.11.tgz#1637c45b872d909d9cc7e18b374898d50b2e844f"

rangy@^1.3.0:
  version "1.3.0"
  resolved "https://registry.yarnpkg.com/rangy/-/rangy-1.3.0.tgz#b7c9a70aea05e5d8cdc74a8d4c8273d697271904"

sweetalert@^0.4.2:
  version "0.4.2"
  resolved "https://registry.yarnpkg.com/sweetalert/-/sweetalert-0.4.2.tgz#fc09ef88948d0f25e4f1232a22149f09e703753e"

textangular@^1.5.16:
  version "1.5.16"
  resolved "https://registry.yarnpkg.com/textangular/-/textangular-1.5.16.tgz#c4319cead5da1354896d60be157ea98b68d9b936"
  dependencies:
    rangy "^1.3.0"

ui-select@^0.19.8:
  version "0.19.8"
  resolved "https://registry.yarnpkg.com/ui-select/-/ui-select-0.19.8.tgz#74860848a7fd8bc494d9856d2f62776ea98637c1"
